
Microsoft Visual Studio Solution File, Format Version 12.00
# Visual Studio Version 17
VisualStudioVersion = 17.4.33110.190
MinimumVisualStudioVersion = 10.0.40219.1
Project("{F184B08F-C81C-45F6-A57F-5ABD9991F28F}") = "ConsoleApp1", "ConsoleApp1.vbproj", "{5196BCC2-08BD-4064-9C0B-2529AD7E67B4}"
EndProject
Global
	GlobalSection(SolutionConfigurationPlatforms) = preSolution
		Debug|Any CPU = Debug|Any CPU
		Release|Any CPU = Release|Any CPU
	EndGlobalSection
	GlobalSection(ProjectConfigurationPlatforms) = postSolution
		{5196BCC2-08BD-4064-9C0B-2529AD7E67B4}.Debug|Any CPU.ActiveCfg = Debug|Any CPU
		{5196BCC2-08BD-4064-9C0B-2529AD7E67B4}.Debug|Any CPU.Build.0 = Debug|Any CPU
		{5196BCC2-08BD-4064-9C0B-2529AD7E67B4}.Release|Any CPU.ActiveCfg = Release|Any CPU
		{5196BCC2-08BD-4064-9C0B-2529AD7E67B4}.Release|Any CPU.Build.0 = Release|Any CPU
	EndGlobalSection
	GlobalSection(SolutionProperties) = preSolution
		HideSolutionNode = FALSE
	EndGlobalSection
	GlobalSection(ExtensibilityGlobals) = postSolution
		SolutionGuid = {B0C16BC0-6BF0-4046-A73D-81317DAA817C}
	EndGlobalSection
EndGlobal
